
Microsoft Visual Studio Solution File, Format Version 12.00
# Visual Studio 15
VisualStudioVersion = 15.0.28307.705
MinimumVisualStudioVersion = 10.0.40219.1
Project("{FAE04EC0-301F-11D3-BF4B-00C04F79EFBC}") = "Reach your goal SnL", "Reach your goal SnL\Reach your goal SnL.csproj", "{08DA51D4-B1ED-4C23-BD30-A3602C7BFB19}"
EndProject
Project("{54435603-DBB4-11D2-8724-00A0C9A8B90C}") = "Setup", "Setup\Setup.vdproj", "{B61A6AEF-62A9-4F0A-ACA4-8B7D63F41677}"
EndProject
Global
	GlobalSection(SolutionConfigurationPlatforms) = preSolution
		Debug|x86 = Debug|x86
		Release|x86 = Release|x86
	EndGlobalSection
	GlobalSection(ProjectConfigurationPlatforms) = postSolution
		{08DA51D4-B1ED-4C23-BD30-A3602C7BFB19}.Debug|x86.ActiveCfg = Debug|x86
		{08DA51D4-B1ED-4C23-BD30-A3602C7BFB19}.Debug|x86.Build.0 = Debug|x86
		{08DA51D4-B1ED-4C23-BD30-A3602C7BFB19}.Release|x86.ActiveCfg = Release|x86
		{08DA51D4-B1ED-4C23-BD30-A3602C7BFB19}.Release|x86.Build.0 = Release|x86
		{B61A6AEF-62A9-4F0A-ACA4-8B7D63F41677}.Debug|x86.ActiveCfg = Debug
		{B61A6AEF-62A9-4F0A-ACA4-8B7D63F41677}.Release|x86.ActiveCfg = Release
	EndGlobalSection
	GlobalSection(SolutionProperties) = preSolution
		HideSolutionNode = FALSE
	EndGlobalSection
	GlobalSection(ExtensibilityGlobals) = postSolution
		SolutionGuid = {B1E6F591-0CEF-4925-A1CE-207739488881}
	EndGlobalSection
EndGlobal
